
Microsoft Visual Studio Solution File, Format Version 12.00
# Visual Studio Version 16
VisualStudioVersion = 16.0.30225.117
MinimumVisualStudioVersion = 10.0.40219.1
Project("{FAE04EC0-301F-11D3-BF4B-00C04F79EFBC}") = "Ejemplo", "Ejemplo.csproj", "{0BFC8747-961A-4186-86D7-159A39234163}"
EndProject
Project("{FAE04EC0-301F-11D3-BF4B-00C04F79EFBC}") = "BLL", "..\BLL\BLL.csproj", "{2A305699-AE2B-49F6-9936-2195C7537503}"
EndProject
Project("{FAE04EC0-301F-11D3-BF4B-00C04F79EFBC}") = "DAL", "..\DAL\DAL.csproj", "{A6B8AF46-7842-4538-9707-DC35A277A2D5}"
EndProject
Project("{FAE04EC0-301F-11D3-BF4B-00C04F79EFBC}") = "DOM", "..\DOM\DOM.csproj", "{66B6D2BE-D113-4338-94D5-44469AFA7ABF}"
EndProject
Global
	GlobalSection(SolutionConfigurationPlatforms) = preSolution
		Debug|Any CPU = Debug|Any CPU
		Release|Any CPU = Release|Any CPU
	EndGlobalSection
	GlobalSection(ProjectConfigurationPlatforms) = postSolution
		{0BFC8747-961A-4186-86D7-159A39234163}.Debug|Any CPU.ActiveCfg = Debug|Any CPU
		{0BFC8747-961A-4186-86D7-159A39234163}.Debug|Any CPU.Build.0 = Debug|Any CPU
		{0BFC8747-961A-4186-86D7-159A39234163}.Release|Any CPU.ActiveCfg = Release|Any CPU
		{0BFC8747-961A-4186-86D7-159A39234163}.Release|Any CPU.Build.0 = Release|Any CPU
		{2A305699-AE2B-49F6-9936-2195C7537503}.Debug|Any CPU.ActiveCfg = Debug|Any CPU
		{2A305699-AE2B-49F6-9936-2195C7537503}.Debug|Any CPU.Build.0 = Debug|Any CPU
		{2A305699-AE2B-49F6-9936-2195C7537503}.Release|Any CPU.ActiveCfg = Release|Any CPU
		{2A305699-AE2B-49F6-9936-2195C7537503}.Release|Any CPU.Build.0 = Release|Any CPU
		{A6B8AF46-7842-4538-9707-DC35A277A2D5}.Debug|Any CPU.ActiveCfg = Debug|Any CPU
		{A6B8AF46-7842-4538-9707-DC35A277A2D5}.Debug|Any CPU.Build.0 = Debug|Any CPU
		{A6B8AF46-7842-4538-9707-DC35A277A2D5}.Release|Any CPU.ActiveCfg = Release|Any CPU
		{A6B8AF46-7842-4538-9707-DC35A277A2D5}.Release|Any CPU.Build.0 = Release|Any CPU
		{66B6D2BE-D113-4338-94D5-44469AFA7ABF}.Debug|Any CPU.ActiveCfg = Debug|Any CPU
		{66B6D2BE-D113-4338-94D5-44469AFA7ABF}.Debug|Any CPU.Build.0 = Debug|Any CPU
		{66B6D2BE-D113-4338-94D5-44469AFA7ABF}.Release|Any CPU.ActiveCfg = Release|Any CPU
		{66B6D2BE-D113-4338-94D5-44469AFA7ABF}.Release|Any CPU.Build.0 = Release|Any CPU
	EndGlobalSection
	GlobalSection(SolutionProperties) = preSolution
		HideSolutionNode = FALSE
	EndGlobalSection
	GlobalSection(ExtensibilityGlobals) = postSolution
		SolutionGuid = {0E51CC2C-9156-46AE-AA88-1FC908A8C5B5}
	EndGlobalSection
EndGlobal
